
Microsoft Visual Studio Solution File, Format Version 12.00
# Visual Studio Version 17
VisualStudioVersion = 17.5.33627.172
MinimumVisualStudioVersion = 10.0.40219.1
Project("{888888A0-9F3D-457C-B088-3A5042F75D52}") = "CIS261 Course Project", "CIS261 Course Project.pyproj", "{FC0CFC9D-B5B4-43B5-87FF-9DC8CDDC916D}"
EndProject
Global
	GlobalSection(SolutionConfigurationPlatforms) = preSolution
		Debug|Any CPU = Debug|Any CPU
		Release|Any CPU = Release|Any CPU
	EndGlobalSection
	GlobalSection(ProjectConfigurationPlatforms) = postSolution
		{FC0CFC9D-B5B4-43B5-87FF-9DC8CDDC916D}.Debug|Any CPU.ActiveCfg = Debug|Any CPU
		{FC0CFC9D-B5B4-43B5-87FF-9DC8CDDC916D}.Release|Any CPU.ActiveCfg = Release|Any CPU
	EndGlobalSection
	GlobalSection(SolutionProperties) = preSolution
		HideSolutionNode = FALSE
	EndGlobalSection
	GlobalSection(ExtensibilityGlobals) = postSolution
		SolutionGuid = {D5CC475E-E2AA-4AFA-9CAC-1D4A729F0573}
	EndGlobalSection
EndGlobal
